
Microsoft Visual Studio Solution File, Format Version 12.00
# Visual Studio 14
VisualStudioVersion = 14.0.25420.1
MinimumVisualStudioVersion = 10.0.40219.1
Project("{FAE04EC0-301F-11D3-BF4B-00C04F79EFBC}") = "Ventasl3", "Ventasl3\Ventasl3.csproj", "{239E5572-8B3F-4CFE-94B6-0C4BD194E862}"
EndProject
Global
	GlobalSection(SolutionConfigurationPlatforms) = preSolution
		Debug|Any CPU = Debug|Any CPU
		Release|Any CPU = Release|Any CPU
	EndGlobalSection
	GlobalSection(ProjectConfigurationPlatforms) = postSolution
		{239E5572-8B3F-4CFE-94B6-0C4BD194E862}.Debug|Any CPU.ActiveCfg = Debug|Any CPU
		{239E5572-8B3F-4CFE-94B6-0C4BD194E862}.Debug|Any CPU.Build.0 = Debug|Any CPU
		{239E5572-8B3F-4CFE-94B6-0C4BD194E862}.Release|Any CPU.ActiveCfg = Release|Any CPU
		{239E5572-8B3F-4CFE-94B6-0C4BD194E862}.Release|Any CPU.Build.0 = Release|Any CPU
	EndGlobalSection
	GlobalSection(SolutionProperties) = preSolution
		HideSolutionNode = FALSE
	EndGlobalSection
EndGlobal
